
Microsoft Visual Studio Solution File, Format Version 12.00
# Visual Studio Version 17
VisualStudioVersion = 17.10.35013.160
MinimumVisualStudioVersion = 10.0.40219.1
Project("{FAE04EC0-301F-11D3-BF4B-00C04F79EFBC}") = "ShoeStoreClothing", "ShoeStoreClothing\ShoeStoreClothing.csproj", "{A8B31881-7581-4FC7-A314-437301F02389}"
EndProject
Global
	GlobalSection(SolutionConfigurationPlatforms) = preSolution
		Debug|Any CPU = Debug|Any CPU
		Release|Any CPU = Release|Any CPU
	EndGlobalSection
	GlobalSection(ProjectConfigurationPlatforms) = postSolution
		{A8B31881-7581-4FC7-A314-437301F02389}.Debug|Any CPU.ActiveCfg = Debug|Any CPU
		{A8B31881-7581-4FC7-A314-437301F02389}.Debug|Any CPU.Build.0 = Debug|Any CPU
		{A8B31881-7581-4FC7-A314-437301F02389}.Release|Any CPU.ActiveCfg = Release|Any CPU
		{A8B31881-7581-4FC7-A314-437301F02389}.Release|Any CPU.Build.0 = Release|Any CPU
	EndGlobalSection
	GlobalSection(SolutionProperties) = preSolution
		HideSolutionNode = FALSE
	EndGlobalSection
	GlobalSection(ExtensibilityGlobals) = postSolution
		SolutionGuid = {F6CEB8CA-EC47-40C0-A178-E87D16A80C53}
	EndGlobalSection
EndGlobal
